
Microsoft Visual Studio Solution File, Format Version 12.00
# Visual Studio Version 16
VisualStudioVersion = 16.0.30114.105
MinimumVisualStudioVersion = 10.0.40219.1
Project("{FAE04EC0-301F-11D3-BF4B-00C04F79EFBC}") = "API", "API\API.csproj", "{BE5DEB72-9166-42AA-874C-F72A2D1B1079}"
EndProject
Project("{FAE04EC0-301F-11D3-BF4B-00C04F79EFBC}") = "Core", "Core\Core.csproj", "{01C3FE72-5365-47BF-9B98-F64D8F71899A}"
EndProject
Project("{FAE04EC0-301F-11D3-BF4B-00C04F79EFBC}") = "Infrastructure", "Infrastructure\Infrastructure.csproj", "{D9AD89BB-056E-4632-B88B-4BFB10F4054D}"
EndProject
Global
	GlobalSection(SolutionConfigurationPlatforms) = preSolution
		Debug|Any CPU = Debug|Any CPU
		Debug|x64 = Debug|x64
		Debug|x86 = Debug|x86
		Release|Any CPU = Release|Any CPU
		Release|x64 = Release|x64
		Release|x86 = Release|x86
	EndGlobalSection
	GlobalSection(SolutionProperties) = preSolution
		HideSolutionNode = FALSE
	EndGlobalSection
	GlobalSection(ProjectConfigurationPlatforms) = postSolution
		{BE5DEB72-9166-42AA-874C-F72A2D1B1079}.Debug|Any CPU.ActiveCfg = Debug|Any CPU
		{BE5DEB72-9166-42AA-874C-F72A2D1B1079}.Debug|Any CPU.Build.0 = Debug|Any CPU
		{BE5DEB72-9166-42AA-874C-F72A2D1B1079}.Debug|x64.ActiveCfg = Debug|Any CPU
		{BE5DEB72-9166-42AA-874C-F72A2D1B1079}.Debug|x64.Build.0 = Debug|Any CPU
		{BE5DEB72-9166-42AA-874C-F72A2D1B1079}.Debug|x86.ActiveCfg = Debug|Any CPU
		{BE5DEB72-9166-42AA-874C-F72A2D1B1079}.Debug|x86.Build.0 = Debug|Any CPU
		{BE5DEB72-9166-42AA-874C-F72A2D1B1079}.Release|Any CPU.ActiveCfg = Release|Any CPU
		{BE5DEB72-9166-42AA-874C-F72A2D1B1079}.Release|Any CPU.Build.0 = Release|Any CPU
		{BE5DEB72-9166-42AA-874C-F72A2D1B1079}.Release|x64.ActiveCfg = Release|Any CPU
		{BE5DEB72-9166-42AA-874C-F72A2D1B1079}.Release|x64.Build.0 = Release|Any CPU
		{BE5DEB72-9166-42AA-874C-F72A2D1B1079}.Release|x86.ActiveCfg = Release|Any CPU
		{BE5DEB72-9166-42AA-874C-F72A2D1B1079}.Release|x86.Build.0 = Release|Any CPU
		{01C3FE72-5365-47BF-9B98-F64D8F71899A}.Debug|Any CPU.ActiveCfg = Debug|Any CPU
		{01C3FE72-5365-47BF-9B98-F64D8F71899A}.Debug|Any CPU.Build.0 = Debug|Any CPU
		{01C3FE72-5365-47BF-9B98-F64D8F71899A}.Debug|x64.ActiveCfg = Debug|Any CPU
		{01C3FE72-5365-47BF-9B98-F64D8F71899A}.Debug|x64.Build.0 = Debug|Any CPU
		{01C3FE72-5365-47BF-9B98-F64D8F71899A}.Debug|x86.ActiveCfg = Debug|Any CPU
		{01C3FE72-5365-47BF-9B98-F64D8F71899A}.Debug|x86.Build.0 = Debug|Any CPU
		{01C3FE72-5365-47BF-9B98-F64D8F71899A}.Release|Any CPU.ActiveCfg = Release|Any CPU
		{01C3FE72-5365-47BF-9B98-F64D8F71899A}.Release|Any CPU.Build.0 = Release|Any CPU
		{01C3FE72-5365-47BF-9B98-F64D8F71899A}.Release|x64.ActiveCfg = Release|Any CPU
		{01C3FE72-5365-47BF-9B98-F64D8F71899A}.Release|x64.Build.0 = Release|Any CPU
		{01C3FE72-5365-47BF-9B98-F64D8F71899A}.Release|x86.ActiveCfg = Release|Any CPU
		{01C3FE72-5365-47BF-9B98-F64D8F71899A}.Release|x86.Build.0 = Release|Any CPU
		{D9AD89BB-056E-4632-B88B-4BFB10F4054D}.Debug|Any CPU.ActiveCfg = Debug|Any CPU
		{D9AD89BB-056E-4632-B88B-4BFB10F4054D}.Debug|Any CPU.Build.0 = Debug|Any CPU
		{D9AD89BB-056E-4632-B88B-4BFB10F4054D}.Debug|x64.ActiveCfg = Debug|Any CPU
		{D9AD89BB-056E-4632-B88B-4BFB10F4054D}.Debug|x64.Build.0 = Debug|Any CPU
		{D9AD89BB-056E-4632-B88B-4BFB10F4054D}.Debug|x86.ActiveCfg = Debug|Any CPU
		{D9AD89BB-056E-4632-B88B-4BFB10F4054D}.Debug|x86.Build.0 = Debug|Any CPU
		{D9AD89BB-056E-4632-B88B-4BFB10F4054D}.Release|Any CPU.ActiveCfg = Release|Any CPU
		{D9AD89BB-056E-4632-B88B-4BFB10F4054D}.Release|Any CPU.Build.0 = Release|Any CPU
		{D9AD89BB-056E-4632-B88B-4BFB10F4054D}.Release|x64.ActiveCfg = Release|Any CPU
		{D9AD89BB-056E-4632-B88B-4BFB10F4054D}.Release|x64.Build.0 = Release|Any CPU
		{D9AD89BB-056E-4632-B88B-4BFB10F4054D}.Release|x86.ActiveCfg = Release|Any CPU
		{D9AD89BB-056E-4632-B88B-4BFB10F4054D}.Release|x86.Build.0 = Release|Any CPU
	EndGlobalSection
EndGlobal
